
Microsoft Visual Studio Solution File, Format Version 12.00
# Visual Studio 15
VisualStudioVersion = 15.0.27703.2026
MinimumVisualStudioVersion = 10.0.40219.1
Project("{FAE04EC0-301F-11D3-BF4B-00C04F79EFBC}") = "FakeTwitter", "FakeTwitter\FakeTwitter.csproj", "{F7605C91-BFE4-4E56-AA25-E87EDF1E0D32}"
EndProject
Global
	GlobalSection(SolutionConfigurationPlatforms) = preSolution
		Debug|Any CPU = Debug|Any CPU
		Release|Any CPU = Release|Any CPU
	EndGlobalSection
	GlobalSection(ProjectConfigurationPlatforms) = postSolution
		{F7605C91-BFE4-4E56-AA25-E87EDF1E0D32}.Debug|Any CPU.ActiveCfg = Debug|Any CPU
		{F7605C91-BFE4-4E56-AA25-E87EDF1E0D32}.Debug|Any CPU.Build.0 = Debug|Any CPU
		{F7605C91-BFE4-4E56-AA25-E87EDF1E0D32}.Release|Any CPU.ActiveCfg = Release|Any CPU
		{F7605C91-BFE4-4E56-AA25-E87EDF1E0D32}.Release|Any CPU.Build.0 = Release|Any CPU
	EndGlobalSection
	GlobalSection(SolutionProperties) = preSolution
		HideSolutionNode = FALSE
	EndGlobalSection
	GlobalSection(ExtensibilityGlobals) = postSolution
		SolutionGuid = {B8D04511-07F2-4D7E-9B2D-3AB53ED1E390}
	EndGlobalSection
EndGlobal
